
Microsoft Visual Studio Solution File, Format Version 12.00
# Visual Studio 15
VisualStudioVersion = 15.0.26730.16
MinimumVisualStudioVersion = 10.0.40219.1
Project("{FAE04EC0-301F-11D3-BF4B-00C04F79EFBC}") = "PriceCompEngineAPI", "PriceCompEngineAPI\PriceCompEngineAPI.csproj", "{EA08CDFC-F919-427E-96FB-7AD52A75E5AC}"
EndProject
Project("{FAE04EC0-301F-11D3-BF4B-00C04F79EFBC}") = "DataBase", "DataBase\DataBase.csproj", "{BED55BEC-7388-42F3-B1D0-BDB66699A8CF}"
EndProject
Project("{FAE04EC0-301F-11D3-BF4B-00C04F79EFBC}") = "Logic", "Logic\Logic.csproj", "{2CDEE47B-1DA5-4CDF-BE08-85C847CF4EA2}"
EndProject
Project("{FAE04EC0-301F-11D3-BF4B-00C04F79EFBC}") = "OCREngine", "OCREngine\OCREngine.csproj", "{21128456-3063-46CA-8B62-77B26553326A}"
EndProject
Global
	GlobalSection(SolutionConfigurationPlatforms) = preSolution
		Debug|Any CPU = Debug|Any CPU
		Release|Any CPU = Release|Any CPU
	EndGlobalSection
	GlobalSection(ProjectConfigurationPlatforms) = postSolution
		{EA08CDFC-F919-427E-96FB-7AD52A75E5AC}.Debug|Any CPU.ActiveCfg = Debug|Any CPU
		{EA08CDFC-F919-427E-96FB-7AD52A75E5AC}.Debug|Any CPU.Build.0 = Debug|Any CPU
		{EA08CDFC-F919-427E-96FB-7AD52A75E5AC}.Release|Any CPU.ActiveCfg = Release|Any CPU
		{EA08CDFC-F919-427E-96FB-7AD52A75E5AC}.Release|Any CPU.Build.0 = Release|Any CPU
		{BED55BEC-7388-42F3-B1D0-BDB66699A8CF}.Debug|Any CPU.ActiveCfg = Debug|Any CPU
		{BED55BEC-7388-42F3-B1D0-BDB66699A8CF}.Debug|Any CPU.Build.0 = Debug|Any CPU
		{BED55BEC-7388-42F3-B1D0-BDB66699A8CF}.Release|Any CPU.ActiveCfg = Release|Any CPU
		{BED55BEC-7388-42F3-B1D0-BDB66699A8CF}.Release|Any CPU.Build.0 = Release|Any CPU
		{2CDEE47B-1DA5-4CDF-BE08-85C847CF4EA2}.Debug|Any CPU.ActiveCfg = Debug|Any CPU
		{2CDEE47B-1DA5-4CDF-BE08-85C847CF4EA2}.Debug|Any CPU.Build.0 = Debug|Any CPU
		{2CDEE47B-1DA5-4CDF-BE08-85C847CF4EA2}.Release|Any CPU.ActiveCfg = Release|Any CPU
		{2CDEE47B-1DA5-4CDF-BE08-85C847CF4EA2}.Release|Any CPU.Build.0 = Release|Any CPU
		{21128456-3063-46CA-8B62-77B26553326A}.Debug|Any CPU.ActiveCfg = Debug|Any CPU
		{21128456-3063-46CA-8B62-77B26553326A}.Debug|Any CPU.Build.0 = Debug|Any CPU
		{21128456-3063-46CA-8B62-77B26553326A}.Release|Any CPU.ActiveCfg = Release|Any CPU
		{21128456-3063-46CA-8B62-77B26553326A}.Release|Any CPU.Build.0 = Release|Any CPU
	EndGlobalSection
	GlobalSection(SolutionProperties) = preSolution
		HideSolutionNode = FALSE
	EndGlobalSection
	GlobalSection(ExtensibilityGlobals) = postSolution
		SolutionGuid = {70F0749D-734E-4F16-B5EE-4031CB8D0234}
	EndGlobalSection
EndGlobal
